
Microsoft Visual Studio Solution File, Format Version 12.00
# Visual Studio Version 17
VisualStudioVersion = 17.2.32516.85
MinimumVisualStudioVersion = 10.0.40219.1
Project("{FAE04EC0-301F-11D3-BF4B-00C04F79EFBC}") = "NumberConverter", "NumberConverter\NumberConverter.csproj", "{60149634-900A-465D-B2A3-0D6C796EA99A}"
EndProject
Project("{FAE04EC0-301F-11D3-BF4B-00C04F79EFBC}") = "NumberConverter.Test", "NumberConverter.Test\NumberConverter.Test.csproj", "{21E1A588-3E76-4F99-9BA9-45C407EB5173}"
EndProject
Global
	GlobalSection(SolutionConfigurationPlatforms) = preSolution
		Debug|Any CPU = Debug|Any CPU
		Release|Any CPU = Release|Any CPU
	EndGlobalSection
	GlobalSection(ProjectConfigurationPlatforms) = postSolution
		{60149634-900A-465D-B2A3-0D6C796EA99A}.Debug|Any CPU.ActiveCfg = Debug|Any CPU
		{60149634-900A-465D-B2A3-0D6C796EA99A}.Debug|Any CPU.Build.0 = Debug|Any CPU
		{60149634-900A-465D-B2A3-0D6C796EA99A}.Release|Any CPU.ActiveCfg = Release|Any CPU
		{60149634-900A-465D-B2A3-0D6C796EA99A}.Release|Any CPU.Build.0 = Release|Any CPU
		{21E1A588-3E76-4F99-9BA9-45C407EB5173}.Debug|Any CPU.ActiveCfg = Debug|Any CPU
		{21E1A588-3E76-4F99-9BA9-45C407EB5173}.Debug|Any CPU.Build.0 = Debug|Any CPU
		{21E1A588-3E76-4F99-9BA9-45C407EB5173}.Release|Any CPU.ActiveCfg = Release|Any CPU
		{21E1A588-3E76-4F99-9BA9-45C407EB5173}.Release|Any CPU.Build.0 = Release|Any CPU
	EndGlobalSection
	GlobalSection(SolutionProperties) = preSolution
		HideSolutionNode = FALSE
	EndGlobalSection
	GlobalSection(ExtensibilityGlobals) = postSolution
		SolutionGuid = {FFA56ACC-A560-4C4A-BA3B-518D47A70B15}
	EndGlobalSection
EndGlobal
